%{
  "bunt": {:hex, :bunt, "0.2.0", "951c6e801e8b1d2cbe58ebbd3e616a869061ddadcc4863d0a2182541acae9a38", [:mix], [], "hexpm"},
  "credo": {:hex, :credo, "1.1.4", "c2f3b73c895d81d859cec7fcee7ffdb972c595fd8e85ab6f8c2adbf01cf7c29c", [:mix], [{:bunt, "~> 0.2.0", [hex: :bunt, repo: "hexpm", optional: false]}, {:jason, "~> 1.0", [hex: :jason, repo: "hexpm", optional: false]}], "hexpm"},
  "erlzmq": {:git, "git://github.com/zeromq/erlzmq2.git", "30249a36b39482a98772c881334ee703715a54cc", [tag: "2.1.11"]},
  "ex_doc": {:git, "git://github.com/elixir-lang/ex_doc.git", "1ce6f1068cf1eeb97e9104977bed87e2a8c3be61", []},
  "gen_listener_tcp": {:git, "https://github.com/kaos/gen_listener_tcp.git", "52be852254bf751e6d339e664d1c4ad7d3936edf", []},
  "jason": {:hex, :jason, "1.1.2", "b03dedea67a99223a2eaf9f1264ce37154564de899fd3d8b9a21b1a6fd64afe7", [:mix], [{:decimal, "~> 1.0", [hex: :decimal, repo: "hexpm", optional: true]}], "hexpm"},
  "poison": {:hex, :poison, "3.1.0", "d9eb636610e096f86f25d9a46f35a9facac35609a7591b3be3326e99a0484665", [:mix], [], "hexpm"},
}
